// !$*UTF8*$!
{
	archiveVersion = 1;
	classes = {
	};
	objectVersion = 56;
	objects = {

/* Begin PBXBuildFile section */
		32AE84BB2B1B32C300F372E0 /* InstaPostApp.swift in Sources */ = {isa = PBXBuildFile; fileRef = 32AE84BA2B1B32C300F372E0 /* InstaPostApp.swift */; };
		32AE84BD2B1B32C300F372E0 /* ContentView.swift in Sources */ = {isa = PBXBuildFile; fileRef = 32AE84BC2B1B32C300F372E0 /* ContentView.swift */; };
		32AE84BF2B1B32C300F372E0 /* Assets.xcassets in Resources */ = {isa = PBXBuildFile; fileRef = 32AE84BE2B1B32C300F372E0 /* Assets.xcassets */; };
		32AE84C32B1B32C300F372E0 /* Preview Assets.xcassets in Resources */ = {isa = PBXBuildFile; fileRef = 32AE84C22B1B32C300F372E0 /* Preview Assets.xcassets */; };
		32AE84CD2B1B32C400F372E0 /* InstaPostTests.swift in Sources */ = {isa = PBXBuildFile; fileRef = 32AE84CC2B1B32C400F372E0 /* InstaPostTests.swift */; };
		32AE84D72B1B32C400F372E0 /* InstaPostUITests.swift in Sources */ = {isa = PBXBuildFile; fileRef = 32AE84D62B1B32C400F372E0 /* InstaPostUITests.swift */; };
		32AE84D92B1B32C400F372E0 /* InstaPostUITestsLaunchTests.swift in Sources */ = {isa = PBXBuildFile; fileRef = 32AE84D82B1B32C400F372E0 /* InstaPostUITestsLaunchTests.swift */; };
/* End PBXBuildFile section */

/* Begin PBXContainerItemProxy section */
		32AE84C92B1B32C400F372E0 /* PBXContainerItemProxy */ = {
			isa = PBXContainerItemProxy;
			containerPortal = 32AE84AF2B1B32C200F372E0 /* Project object */;
			proxyType = 1;
			remoteGlobalIDString = 32AE84B62B1B32C300F372E0;
			remoteInfo = InstaPost;
		};
		32AE84D32B1B32C400F372E0 /* PBXContainerItemProxy */ = {
			isa = PBXContainerItemProxy;
			containerPortal = 32AE84AF2B1B32C200F372E0 /* Project object */;
			proxyType = 1;
			remoteGlobalIDString = 32AE84B62B1B32C300F372E0;
			remoteInfo = InstaPost;
		};
/* End PBXContainerItemProxy section */

/* Begin PBXFileReference section */
		32AE84B72B1B32C300F372E0 /* InstaPost.app */ = {isa = PBXFileReference; explicitFileType = wrapper.application; includeInIndex = 0; path = InstaPost.app; sourceTree = BUILT_PRODUCTS_DIR; };
		32AE84BA2B1B32C300F372E0 /* InstaPostApp.swift */ = {isa = PBXFileReference; lastKnownFileType = sourcecode.swift; path = InstaPostApp.swift; sourceTree = "<group>"; };
		32AE84BC2B1B32C300F372E0 /* ContentView.swift */ = {isa = PBXFileReference; lastKnownFileType = sourcecode.swift; path = ContentView.swift; sourceTree = "<group>"; };
		32AE84BE2B1B32C300F372E0 /* Assets.xcassets */ = {isa = PBXFileReference; lastKnownFileType = folder.assetcatalog; path = Assets.xcassets; sourceTree = "<group>"; };
		32AE84C02B1B32C300F372E0 /* InstaPost.entitlements */ = {isa = PBXFileReference; lastKnownFileType = text.plist.entitlements; path = InstaPost.entitlements; sourceTree = "<group>"; };
		32AE84C22B1B32C300F372E0 /* Preview Assets.xcassets */ = {isa = PBXFileReference; lastKnownFileType = folder.assetcatalog; path = "Preview Assets.xcassets"; sourceTree = "<group>"; };
		32AE84C82B1B32C400F372E0 /* InstaPostTests.xctest */ = {isa = PBXFileReference; explicitFileType = wrapper.cfbundle; includeInIndex = 0; path = InstaPostTests.xctest; sourceTree = BUILT_PRODUCTS_DIR; };
		32AE84CC2B1B32C400F372E0 /* InstaPostTests.swift */ = {isa = PBXFileReference; lastKnownFileType = sourcecode.swift; path = InstaPostTests.swift; sourceTree = "<group>"; };
		32AE84D22B1B32C400F372E0 /* InstaPostUITests.xctest */ = {isa = PBXFileReference; explicitFileType = wrapper.cfbundle; includeInIndex = 0; path = InstaPostUITests.xctest; sourceTree = BUILT_PRODUCTS_DIR; };
		32AE84D62B1B32C400F372E0 /* InstaPostUITests.swift */ = {isa = PBXFileReference; lastKnownFileType = sourcecode.swift; path = InstaPostUITests.swift; sourceTree = "<group>"; };
		32AE84D82B1B32C400F372E0 /* InstaPostUITestsLaunchTests.swift */ = {isa = PBXFileReference; lastKnownFileType = sourcecode.swift; path = InstaPostUITestsLaunchTests.swift; sourceTree = "<group>"; };
/* End PBXFileReference section */

/* Begin PBXFrameworksBuildPhase section */
		32AE84B42B1B32C300F372E0 /* Frameworks */ = {
			isa = PBXFrameworksBuildPhase;
			buildActionMask = 2147483647;
			files = (
			);
			runOnlyForDeploymentPostprocessing = 0;
		};
		32AE84C52B1B32C400F372E0 /* Frameworks */ = {
			isa = PBXFrameworksBuildPhase;
			buildActionMask = 2147483647;
			files = (
			);
			runOnlyForDeploymentPostprocessing = 0;
		};
		32AE84CF2B1B32C400F372E0 /* Frameworks */ = {
			isa = PBXFrameworksBuildPhase;
			buildActionMask = 2147483647;
			files = (
			);
			runOnlyForDeploymentPostprocessing = 0;
		};
/* End PBXFrameworksBuildPhase section */

/* Begin PBXGroup section */
		32AE84AE2B1B32C200F372E0 = {
			isa = PBXGroup;
			children = (
				32AE84B92B1B32C300F372E0 /* InstaPost */,
				32AE84CB2B1B32C400F372E0 /* InstaPostTests */,
				32AE84D52B1B32C400F372E0 /* InstaPostUITests */,
				32AE84B82B1B32C300F372E0 /* Products */,
			);
			sourceTree = "<group>";
		};
		32AE84B82B1B32C300F372E0 /* Products */ = {
			isa = PBXGroup;
			children = (
				32AE84B72B1B32C300F372E0 /* InstaPost.app */,
				32AE84C82B1B32C400F372E0 /* InstaPostTests.xctest */,
				32AE84D22B1B32C400F372E0 /* InstaPostUITests.xctest */,
			);
			name = Products;
			sourceTree = "<group>";
		};
		32AE84B92B1B32C300F372E0 /* InstaPost */ = {
			isa = PBXGroup;
			children = (
				32AE84BA2B1B32C300F372E0 /* InstaPostApp.swift */,
				32AE84BC2B1B32C300F372E0 /* ContentView.swift */,
				32AE84BE2B1B32C300F372E0 /* Assets.xcassets */,
				32AE84C02B1B32C300F372E0 /* InstaPost.entitlements */,
				32AE84C12B1B32C300F372E0 /* Preview Content */,
			);
			path = InstaPost;
			sourceTree = "<group>";
		};
		32AE84C12B1B32C300F372E0 /* Preview Content */ = {
			isa = PBXGroup;
			children = (
				32AE84C22B1B32C300F372E0 /* Preview Assets.xcassets */,
			);
			path = "Preview Content";
			sourceTree = "<group>";
		};
		32AE84CB2B1B32C400F372E0 /* InstaPostTests */ = {
			isa = PBXGroup;
			children = (
				32AE84CC2B1B32C400F372E0 /* InstaPostTests.swift */,
			);
			path = InstaPostTests;
			sourceTree = "<group>";
		};
		32AE84D52B1B32C400F372E0 /* InstaPostUITests */ = {
			isa = PBXGroup;
			children = (
				32AE84D62B1B32C400F372E0 /* InstaPostUITests.swift */,
				32AE84D82B1B32C400F372E0 /* InstaPostUITestsLaunchTests.swift */,
			);
			path = InstaPostUITests;
			sourceTree = "<group>";
		};
/* End PBXGroup section */

/* Begin PBXNativeTarget section */
		32AE84B62B1B32C300F372E0 /* InstaPost */ = {
			isa = PBXNativeTarget;
			buildConfigurationList = 32AE84DC2B1B32C400F372E0 /* Build configuration list for PBXNativeTarget "InstaPost" */;
			buildPhases = (
				32AE84B32B1B32C300F372E0 /* Sources */,
				32AE84B42B1B32C300F372E0 /* Frameworks */,
				32AE84B52B1B32C300F372E0 /* Resources */,
			);
			buildRules = (
			);
			dependencies = (
			);
			name = InstaPost;
			productName = InstaPost;
			productReference = 32AE84B72B1B32C300F372E0 /* InstaPost.app */;
			productType = "com.apple.product-type.application";
		};
		32AE84C72B1B32C400F372E0 /* InstaPostTests */ = {
			isa = PBXNativeTarget;
			buildConfigurationList = 32AE84DF2B1B32C400F372E0 /* Build configuration list for PBXNativeTarget "InstaPostTests" */;
			buildPhases = (
				32AE84C42B1B32C400F372E0 /* Sources */,
				32AE84C52B1B32C400F372E0 /* Frameworks */,
				32AE84C62B1B32C400F372E0 /* Resources */,
			);
			buildRules = (
			);
			dependencies = (
				32AE84CA2B1B32C400F372E0 /* PBXTargetDependency */,
			);
			name = InstaPostTests;
			productName = InstaPostTests;
			productReference = 32AE84C82B1B32C400F372E0 /* InstaPostTests.xctest */;
			productType = "com.apple.product-type.bundle.unit-test";
		};
		32AE84D12B1B32C400F372E0 /* InstaPostUITests */ = {
			isa = PBXNativeTarget;
			buildConfigurationList = 32AE84E22B1B32C400F372E0 /* Build configuration list for PBXNativeTarget "InstaPostUITests" */;
			buildPhases = (
				32AE84CE2B1B32C400F372E0 /* Sources */,
				32AE84CF2B1B32C400F372E0 /* Frameworks */,
				32AE84D02B1B32C400F372E0 /* Resources */,
			);
			buildRules = (
			);
			dependencies = (
				32AE84D42B1B32C400F372E0 /* PBXTargetDependency */,
			);
			name = InstaPostUITests;
			productName = InstaPostUITests;
			productReference = 32AE84D22B1B32C400F372E0 /* InstaPostUITests.xctest */;
			productType = "com.apple.product-type.bundle.ui-testing";
		};
/* End PBXNativeTarget section */

/* Begin PBXProject section */
		32AE84AF2B1B32C200F372E0 /* Project object */ = {
			isa = PBXProject;
			attributes = {
				BuildIndependentTargetsInParallel = 1;
				LastSwiftUpdateCheck = 1500;
				LastUpgradeCheck = 1500;
				TargetAttributes = {
					32AE84B62B1B32C300F372E0 = {
						CreatedOnToolsVersion = 15.0.1;
					};
					32AE84C72B1B32C400F372E0 = {
						CreatedOnToolsVersion = 15.0.1;
						TestTargetID = 32AE84B62B1B32C300F372E0;
					};
					32AE84D12B1B32C400F372E0 = {
						CreatedOnToolsVersion = 15.0.1;
						TestTargetID = 32AE84B62B1B32C300F372E0;
					};
				};
			};
			buildConfigurationList = 32AE84B22B1B32C200F372E0 /* Build configuration list for PBXProject "InstaPost" */;
			compatibilityVersion = "Xcode 14.0";
			developmentRegion = en;
			hasScannedForEncodings = 0;
			knownRegions = (
				en,
				Base,
			);
			mainGroup = 32AE84AE2B1B32C200F372E0;
			productRefGroup = 32AE84B82B1B32C300F372E0 /* Products */;
			projectDirPath = "";
			projectRoot = "";
			targets = (
				32AE84B62B1B32C300F372E0 /* InstaPost */,
				32AE84C72B1B32C400F372E0 /* InstaPostTests */,
				32AE84D12B1B32C400F372E0 /* InstaPostUITests */,
			);
		};
/* End PBXProject section */

/* Begin PBXResourcesBuildPhase section */
		32AE84B52B1B32C300F372E0 /* Resources */ = {
			isa = PBXResourcesBuildPhase;
			buildActionMask = 2147483647;
			files = (
				32AE84C32B1B32C300F372E0 /* Preview Assets.xcassets in Resources */,
				32AE84BF2B1B32C300F372E0 /* Assets.xcassets in Resources */,
			);
			runOnlyForDeploymentPostprocessing = 0;
		};
		32AE84C62B1B32C400F372E0 /* Resources */ = {
			isa = PBXResourcesBuildPhase;
			buildActionMask = 2147483647;
			files = (
			);
			runOnlyForDeploymentPostprocessing = 0;
		};
		32AE84D02B1B32C400F372E0 /* Resources */ = {
			isa = PBXResourcesBuildPhase;
			buildActionMask = 2147483647;
			files = (
			);
			runOnlyForDeploymentPostprocessing = 0;
		};
/* End PBXResourcesBuildPhase section */

/* Begin PBXSourcesBuildPhase section */
		32AE84B32B1B32C300F372E0 /* Sources */ = {
			isa = PBXSourcesBuildPhase;
			buildActionMask = 2147483647;
			files = (
				32AE84BD2B1B32C300F372E0 /* ContentView.swift in Sources */,
				32AE84BB2B1B32C300F372E0 /* InstaPostApp.swift in Sources */,
			);
			runOnlyForDeploymentPostprocessing = 0;
		};
		32AE84C42B1B32C400F372E0 /* Sources */ = {
			isa = PBXSourcesBuildPhase;
			buildActionMask = 2147483647;
			files = (
				32AE84CD2B1B32C400F372E0 /* InstaPostTests.swift in Sources */,
			);
			runOnlyForDeploymentPostprocessing = 0;
		};
		32AE84CE2B1B32C400F372E0 /* Sources */ = {
			isa = PBXSourcesBuildPhase;
			buildActionMask = 2147483647;
			files = (
				32AE84D92B1B32C400F372E0 /* InstaPostUITestsLaunchTests.swift in Sources */,
				32AE84D72B1B32C400F372E0 /* InstaPostUITests.swift in Sources */,
			);
			runOnlyForDeploymentPostprocessing = 0;
		};
/* End PBXSourcesBuildPhase section */

/* Begin PBXTargetDependency section */
		32AE84CA2B1B32C400F372E0 /* PBXTargetDependency */ = {
			isa = PBXTargetDependency;
			target = 32AE84B62B1B32C300F372E0 /* InstaPost */;
			targetProxy = 32AE84C92B1B32C400F372E0 /* PBXContainerItemProxy */;
		};
		32AE84D42B1B32C400F372E0 /* PBXTargetDependency */ = {
			isa = PBXTargetDependency;
			target = 32AE84B62B1B32C300F372E0 /* InstaPost */;
			targetProxy = 32AE84D32B1B32C400F372E0 /* PBXContainerItemProxy */;
		};
/* End PBXTargetDependency section */

/* Begin XCBuildConfiguration section */
		32AE84DA2B1B32C400F372E0 /* Debug */ = {
			isa = XCBuildConfiguration;
			buildSettings = {
				ALWAYS_SEARCH_USER_PATHS = NO;
				ASSETCATALOG_COMPILER_GENERATE_SWIFT_ASSET_SYMBOL_EXTENSIONS = YES;
				CLANG_ANALYZER_NONNULL = YES;
				CLANG_ANALYZER_NUMBER_OBJECT_CONVERSION = YES_AGGRESSIVE;
				CLANG_CXX_LANGUAGE_STANDARD = "gnu++20";
				CLANG_ENABLE_MODULES = YES;
				CLANG_ENABLE_OBJC_ARC = YES;
				CLANG_ENABLE_OBJC_WEAK = YES;
				CLANG_WARN_BLOCK_CAPTURE_AUTORELEASING = YES;
				CLANG_WARN_BOOL_CONVERSION = YES;
				CLANG_WARN_COMMA = YES;
				CLANG_WARN_CONSTANT_CONVERSION = YES;
				CLANG_WARN_DEPRECATED_OBJC_IMPLEMENTATIONS = YES;
				CLANG_WARN_DIRECT_OBJC_ISA_USAGE = YES_ERROR;
				CLANG_WARN_DOCUMENTATION_COMMENTS = YES;
				CLANG_WARN_EMPTY_BODY = YES;
				CLANG_WARN_ENUM_CONVERSION = YES;
				CLANG_WARN_INFINITE_RECURSION = YES;
				CLANG_WARN_INT_CONVERSION = YES;
				CLANG_WARN_NON_LITERAL_NULL_CONVERSION = YES;
				CLANG_WARN_OBJC_IMPLICIT_RETAIN_SELF = YES;
				CLANG_WARN_OBJC_LITERAL_CONVERSION = YES;
				CLANG_WARN_OBJC_ROOT_CLASS = YES_ERROR;
				CLANG_WARN_QUOTED_INCLUDE_IN_FRAMEWORK_HEADER = YES;
				CLANG_WARN_RANGE_LOOP_ANALYSIS = YES;
				CLANG_WARN_STRICT_PROTOTYPES = YES;
				CLANG_WARN_SUSPICIOUS_MOVE = YES;
				CLANG_WARN_UNGUARDED_AVAILABILITY = YES_AGGRESSIVE;
				CLANG_WARN_UNREACHABLE_CODE = YES;
				CLANG_WARN__DUPLICATE_METHOD_MATCH = YES;
				COPY_PHASE_STRIP = NO;
				DEBUG_INFORMATION_FORMAT = dwarf;
				ENABLE_STRICT_OBJC_MSGSEND = YES;
				ENABLE_TESTABILITY = YES;
				ENABLE_USER_SCRIPT_SANDBOXING = YES;
				GCC_C_LANGUAGE_STANDARD = gnu17;
				GCC_DYNAMIC_NO_PIC = NO;
				GCC_NO_COMMON_BLOCKS = YES;
				GCC_OPTIMIZATION_LEVEL = 0;
				GCC_PREPROCESSOR_DEFINITIONS = (
					"DEBUG=1",
					"$(inherited)",
				);
				GCC_WARN_64_TO_32_BIT_CONVERSION = YES;
				GCC_WARN_ABOUT_RETURN_TYPE = YES_ERROR;
				GCC_WARN_UNDECLARED_SELECTOR = YES;
				GCC_WARN_UNINITIALIZED_AUTOS = YES_AGGRESSIVE;
				GCC_WARN_UNUSED_FUNCTION = YES;
				GCC_WARN_UNUSED_VARIABLE = YES;
				LOCALIZATION_PREFERS_STRING_CATALOGS = YES;
				MTL_ENABLE_DEBUG_INFO = INCLUDE_SOURCE;
				MTL_FAST_MATH = YES;
				ONLY_ACTIVE_ARCH = YES;
				SWIFT_ACTIVE_COMPILATION_CONDITIONS = "DEBUG $(inherited)";
				SWIFT_OPTIMIZATION_LEVEL = "-Onone";
			};
			name = Debug;
		};
		32AE84DB2B1B32C400F372E0 /* Release */ = {
			isa = XCBuildConfiguration;
			buildSettings = {
				ALWAYS_SEARCH_USER_PATHS = NO;
				ASSETCATALOG_COMPILER_GENERATE_SWIFT_ASSET_SYMBOL_EXTENSIONS = YES;
				CLANG_ANALYZER_NONNULL = YES;
				CLANG_ANALYZER_NUMBER_OBJECT_CONVERSION = YES_AGGRESSIVE;
				CLANG_CXX_LANGUAGE_STANDARD = "gnu++20";
				CLANG_ENABLE_MODULES = YES;
				CLANG_ENABLE_OBJC_ARC = YES;
				CLANG_ENABLE_OBJC_WEAK = YES;
				CLANG_WARN_BLOCK_CAPTURE_AUTORELEASING = YES;
				CLANG_WARN_BOOL_CONVERSION = YES;
				CLANG_WARN_COMMA = YES;
				CLANG_WARN_CONSTANT_CONVERSION = YES;
				CLANG_WARN_DEPRECATED_OBJC_IMPLEMENTATIONS = YES;
				CLANG_WARN_DIRECT_OBJC_ISA_USAGE = YES_ERROR;
				CLANG_WARN_DOCUMENTATION_COMMENTS = YES;
				CLANG_WARN_EMPTY_BODY = YES;
				CLANG_WARN_ENUM_CONVERSION = YES;
				CLANG_WARN_INFINITE_RECURSION = YES;
				CLANG_WARN_INT_CONVERSION = YES;
				CLANG_WARN_NON_LITERAL_NULL_CONVERSION = YES;
				CLANG_WARN_OBJC_IMPLICIT_RETAIN_SELF = YES;
				CLANG_WARN_OBJC_LITERAL_CONVERSION = YES;
				CLANG_WARN_OBJC_ROOT_CLASS = YES_ERROR;
				CLANG_WARN_QUOTED_INCLUDE_IN_FRAMEWORK_HEADER = YES;
				CLANG_WARN_RANGE_LOOP_ANALYSIS = YES;
				CLANG_WARN_STRICT_PROTOTYPES = YES;
				CLANG_WARN_SUSPICIOUS_MOVE = YES;
				CLANG_WARN_UNGUARDED_AVAILABILITY = YES_AGGRESSIVE;
				CLANG_WARN_UNREACHABLE_CODE = YES;
				CLANG_WARN__DUPLICATE_METHOD_MATCH = YES;
				COPY_PHASE_STRIP = NO;
				DEBUG_INFORMATION_FORMAT = "dwarf-with-dsym";
				ENABLE_NS_ASSERTIONS = NO;
				ENABLE_STRICT_OBJC_MSGSEND = YES;
				ENABLE_USER_SCRIPT_SANDBOXING = YES;
				GCC_C_LANGUAGE_STANDARD = gnu17;
				GCC_NO_COMMON_BLOCKS = YES;
				GCC_WARN_64_TO_32_BIT_CONVERSION = YES;
				GCC_WARN_ABOUT_RETURN_TYPE = YES_ERROR;
				GCC_WARN_UNDECLARED_SELECTOR = YES;
				GCC_WARN_UNINITIALIZED_AUTOS = YES_AGGRESSIVE;
				GCC_WARN_UNUSED_FUNCTION = YES;
				GCC_WARN_UNUSED_VARIABLE = YES;
				LOCALIZATION_PREFERS_STRING_CATALOGS = YES;
				MTL_ENABLE_DEBUG_INFO = NO;
				MTL_FAST_MATH = YES;
				SWIFT_COMPILATION_MODE = wholemodule;
			};
			name = Release;
		};
		32AE84DD2B1B32C400F372E0 /* Debug */ = {
			isa = XCBuildConfiguration;
			buildSettings = {
				ASSETCATALOG_COMPILER_APPICON_NAME = AppIcon;
				ASSETCATALOG_COMPILER_GLOBAL_ACCENT_COLOR_NAME = AccentColor;
				CODE_SIGN_ENTITLEMENTS = InstaPost/InstaPost.entitlements;
				CODE_SIGN_STYLE = Automatic;
				CURRENT_PROJECT_VERSION = 1;
				DEVELOPMENT_ASSET_PATHS = "\"InstaPost/Preview Content\"";
				DEVELOPMENT_TEAM = 7S5KXF68WA;
				ENABLE_HARDENED_RUNTIME = YES;
				ENABLE_PREVIEWS = YES;
				GENERATE_INFOPLIST_FILE = YES;
				"INFOPLIST_KEY_UIApplicationSceneManifest_Generation[sdk=iphoneos*]" = YES;
				"INFOPLIST_KEY_UIApplicationSceneManifest_Generation[sdk=iphonesimulator*]" = YES;
				"INFOPLIST_KEY_UIApplicationSupportsIndirectInputEvents[sdk=iphoneos*]" = YES;
				"INFOPLIST_KEY_UIApplicationSupportsIndirectInputEvents[sdk=iphonesimulator*]" = YES;
				"INFOPLIST_KEY_UILaunchScreen_Generation[sdk=iphoneos*]" = YES;
				"INFOPLIST_KEY_UILaunchScreen_Generation[sdk=iphonesimulator*]" = YES;
				"INFOPLIST_KEY_UIStatusBarStyle[sdk=iphoneos*]" = UIStatusBarStyleDefault;
				"INFOPLIST_KEY_UIStatusBarStyle[sdk=iphonesimulator*]" = UIStatusBarStyleDefault;
				INFOPLIST_KEY_UISupportedInterfaceOrientations_iPad = "UIInterfaceOrientationPortrait UIInterfaceOrientationPortraitUpsideDown UIInterfaceOrientationLandscapeLeft UIInterfaceOrientationLandscapeRight";
				INFOPLIST_KEY_UISupportedInterfaceOrientations_iPhone = "UIInterfaceOrientationPortrait UIInterfaceOrientationLandscapeLeft UIInterfaceOrientationLandscapeRight";
				IPHONEOS_DEPLOYMENT_TARGET = 17.0;
				LD_RUNPATH_SEARCH_PATHS = "@executable_path/Frameworks";
				"LD_RUNPATH_SEARCH_PATHS[sdk=macosx*]" = "@executable_path/../Frameworks";
				MACOSX_DEPLOYMENT_TARGET = 14.0;
				MARKETING_VERSION = 1.0;
				PRODUCT_BUNDLE_IDENTIFIER = arthurSh.InstaPost;
				PRODUCT_NAME = "$(TARGET_NAME)";
				SDKROOT = auto;
				SUPPORTED_PLATFORMS = "iphoneos iphonesimulator macosx";
				SWIFT_EMIT_LOC_STRINGS = YES;
				SWIFT_VERSION = 5.0;
				TARGETED_DEVICE_FAMILY = "1,2";
			};
			name = Debug;
		};
		32AE84DE2B1B32C400F372E0 /* Release */ = {
			isa = XCBuildConfiguration;
			buildSettings = {
				ASSETCATALOG_COMPILER_APPICON_NAME = AppIcon;
				ASSETCATALOG_COMPILER_GLOBAL_ACCENT_COLOR_NAME = AccentColor;
				CODE_SIGN_ENTITLEMENTS = InstaPost/InstaPost.entitlements;
				CODE_SIGN_STYLE = Automatic;
				CURRENT_PROJECT_VERSION = 1;
				DEVELOPMENT_ASSET_PATHS = "\"InstaPost/Preview Content\"";
				DEVELOPMENT_TEAM = 7S5KXF68WA;
				ENABLE_HARDENED_RUNTIME = YES;
				ENABLE_PREVIEWS = YES;
				GENERATE_INFOPLIST_FILE = YES;
				"INFOPLIST_KEY_UIApplicationSceneManifest_Generation[sdk=iphoneos*]" = YES;
				"INFOPLIST_KEY_UIApplicationSceneManifest_Generation[sdk=iphonesimulator*]" = YES;
				"INFOPLIST_KEY_UIApplicationSupportsIndirectInputEvents[sdk=iphoneos*]" = YES;
				"INFOPLIST_KEY_UIApplicationSupportsIndirectInputEvents[sdk=iphonesimulator*]" = YES;
				"INFOPLIST_KEY_UILaunchScreen_Generation[sdk=iphoneos*]" = YES;
				"INFOPLIST_KEY_UILaunchScreen_Generation[sdk=iphonesimulator*]" = YES;
				"INFOPLIST_KEY_UIStatusBarStyle[sdk=iphoneos*]" = UIStatusBarStyleDefault;
				"INFOPLIST_KEY_UIStatusBarStyle[sdk=iphonesimulator*]" = UIStatusBarStyleDefault;
				INFOPLIST_KEY_UISupportedInterfaceOrientations_iPad = "UIInterfaceOrientationPortrait UIInterfaceOrientationPortraitUpsideDown UIInterfaceOrientationLandscapeLeft UIInterfaceOrientationLandscapeRight";
				INFOPLIST_KEY_UISupportedInterfaceOrientations_iPhone = "UIInterfaceOrientationPortrait UIInterfaceOrientationLandscapeLeft UIInterfaceOrientationLandscapeRight";
				IPHONEOS_DEPLOYMENT_TARGET = 17.0;
				LD_RUNPATH_SEARCH_PATHS = "@executable_path/Frameworks";
				"LD_RUNPATH_SEARCH_PATHS[sdk=macosx*]" = "@executable_path/../Frameworks";
				MACOSX_DEPLOYMENT_TARGET = 14.0;
				MARKETING_VERSION = 1.0;
				PRODUCT_BUNDLE_IDENTIFIER = arthurSh.InstaPost;
				PRODUCT_NAME = "$(TARGET_NAME)";
				SDKROOT = auto;
				SUPPORTED_PLATFORMS = "iphoneos iphonesimulator macosx";
				SWIFT_EMIT_LOC_STRINGS = YES;
				SWIFT_VERSION = 5.0;
				TARGETED_DEVICE_FAMILY = "1,2";
			};
			name = Release;
		};
		32AE84E02B1B32C400F372E0 /* Debug */ = {
			isa = XCBuildConfiguration;
			buildSettings = {
				ALWAYS_EMBED_SWIFT_STANDARD_LIBRARIES = YES;
				BUNDLE_LOADER = "$(TEST_HOST)";
				CODE_SIGN_STYLE = Automatic;
				CURRENT_PROJECT_VERSION = 1;
				DEVELOPMENT_TEAM = 7S5KXF68WA;
				GENERATE_INFOPLIST_FILE = YES;
				IPHONEOS_DEPLOYMENT_TARGET = 17.0;
				MACOSX_DEPLOYMENT_TARGET = 14.0;
				MARKETING_VERSION = 1.0;
				PRODUCT_BUNDLE_IDENTIFIER = arthurSh.InstaPostTests;
				PRODUCT_NAME = "$(TARGET_NAME)";
				SDKROOT = auto;
				SUPPORTED_PLATFORMS = "iphoneos iphonesimulator macosx";
				SWIFT_EMIT_LOC_STRINGS = NO;
				SWIFT_VERSION = 5.0;
				TARGETED_DEVICE_FAMILY = "1,2";
				TEST_HOST = "$(BUILT_PRODUCTS_DIR)/InstaPost.app/$(BUNDLE_EXECUTABLE_FOLDER_PATH)/InstaPost";
			};
			name = Debug;
		};
		32AE84E12B1B32C400F372E0 /* Release */ = {
			isa = XCBuildConfiguration;
			buildSettings = {
				ALWAYS_EMBED_SWIFT_STANDARD_LIBRARIES = YES;
				BUNDLE_LOADER = "$(TEST_HOST)";
				CODE_SIGN_STYLE = Automatic;
				CURRENT_PROJECT_VERSION = 1;
				DEVELOPMENT_TEAM = 7S5KXF68WA;
				GENERATE_INFOPLIST_FILE = YES;
				IPHONEOS_DEPLOYMENT_TARGET = 17.0;
				MACOSX_DEPLOYMENT_TARGET = 14.0;
				MARKETING_VERSION = 1.0;
				PRODUCT_BUNDLE_IDENTIFIER = arthurSh.InstaPostTests;
				PRODUCT_NAME = "$(TARGET_NAME)";
				SDKROOT = auto;
				SUPPORTED_PLATFORMS = "iphoneos iphonesimulator macosx";
				SWIFT_EMIT_LOC_STRINGS = NO;
				SWIFT_VERSION = 5.0;
				TARGETED_DEVICE_FAMILY = "1,2";
				TEST_HOST = "$(BUILT_PRODUCTS_DIR)/InstaPost.app/$(BUNDLE_EXECUTABLE_FOLDER_PATH)/InstaPost";
			};
			name = Release;
		};
		32AE84E32B1B32C400F372E0 /* Debug */ = {
			isa = XCBuildConfiguration;
			buildSettings = {
				ALWAYS_EMBED_SWIFT_STANDARD_LIBRARIES = YES;
				CODE_SIGN_STYLE = Automatic;
				CURRENT_PROJECT_VERSION = 1;
				DEVELOPMENT_TEAM = 7S5KXF68WA;
				GENERATE_INFOPLIST_FILE = YES;
				IPHONEOS_DEPLOYMENT_TARGET = 17.0;
				MACOSX_DEPLOYMENT_TARGET = 14.0;
				MARKETING_VERSION = 1.0;
				PRODUCT_BUNDLE_IDENTIFIER = arthurSh.InstaPostUITests;
				PRODUCT_NAME = "$(TARGET_NAME)";
				SDKROOT = auto;
				SUPPORTED_PLATFORMS = "iphoneos iphonesimulator macosx";
				SWIFT_EMIT_LOC_STRINGS = NO;
				SWIFT_VERSION = 5.0;
				TARGETED_DEVICE_FAMILY = "1,2";
				TEST_TARGET_NAME = InstaPost;
			};
			name = Debug;
		};
		32AE84E42B1B32C400F372E0 /* Release */ = {
			isa = XCBuildConfiguration;
			buildSettings = {
				ALWAYS_EMBED_SWIFT_STANDARD_LIBRARIES = YES;
				CODE_SIGN_STYLE = Automatic;
				CURRENT_PROJECT_VERSION = 1;
				DEVELOPMENT_TEAM = 7S5KXF68WA;
				GENERATE_INFOPLIST_FILE = YES;
				IPHONEOS_DEPLOYMENT_TARGET = 17.0;
				MACOSX_DEPLOYMENT_TARGET = 14.0;
				MARKETING_VERSION = 1.0;
				PRODUCT_BUNDLE_IDENTIFIER = arthurSh.InstaPostUITests;
				PRODUCT_NAME = "$(TARGET_NAME)";
				SDKROOT = auto;
				SUPPORTED_PLATFORMS = "iphoneos iphonesimulator macosx";
				SWIFT_EMIT_LOC_STRINGS = NO;
				SWIFT_VERSION = 5.0;
				TARGETED_DEVICE_FAMILY = "1,2";
				TEST_TARGET_NAME = InstaPost;
			};
			name = Release;
		};
/* End XCBuildConfiguration section */

/* Begin XCConfigurationList section */
		32AE84B22B1B32C200F372E0 /* Build configuration list for PBXProject "InstaPost" */ = {
			isa = XCConfigurationList;
			buildConfigurations = (
				32AE84DA2B1B32C400F372E0 /* Debug */,
				32AE84DB2B1B32C400F372E0 /* Release */,
			);
			defaultConfigurationIsVisible = 0;
			defaultConfigurationName = Release;
		};
		32AE84DC2B1B32C400F372E0 /* Build configuration list for PBXNativeTarget "InstaPost" */ = {
			isa = XCConfigurationList;
			buildConfigurations = (
				32AE84DD2B1B32C400F372E0 /* Debug */,
				32AE84DE2B1B32C400F372E0 /* Release */,
			);
			defaultConfigurationIsVisible = 0;
			defaultConfigurationName = Release;
		};
		32AE84DF2B1B32C400F372E0 /* Build configuration list for PBXNativeTarget "InstaPostTests" */ = {
			isa = XCConfigurationList;
			buildConfigurations = (
				32AE84E02B1B32C400F372E0 /* Debug */,
				32AE84E12B1B32C400F372E0 /* Release */,
			);
			defaultConfigurationIsVisible = 0;
			defaultConfigurationName = Release;
		};
		32AE84E22B1B32C400F372E0 /* Build configuration list for PBXNativeTarget "InstaPostUITests" */ = {
			isa = XCConfigurationList;
			buildConfigurations = (
				32AE84E32B1B32C400F372E0 /* Debug */,
				32AE84E42B1B32C400F372E0 /* Release */,
			);
			defaultConfigurationIsVisible = 0;
			defaultConfigurationName = Release;
		};
/* End XCConfigurationList section */
	};
	rootObject = 32AE84AF2B1B32C200F372E0 /* Project object */;
}
